
Microsoft Visual Studio Solution File, Format Version 12.00
# Visual Studio 2013
VisualStudioVersion = 12.0.21005.1
MinimumVisualStudioVersion = 10.0.40219.1
Project("{2150E333-8FDC-42A3-9474-1A3956D46DE8}") = "output", "output", "{209E7D23-68FA-4E72-A034-BCE8C25F1F48}"
	ProjectSection(SolutionItems) = preProject
		output\default.html = output\default.html
		output\main.html = output\main.html
		output\js\main.js = output\js\main.js
	EndProjectSection
EndProject
Project("{FAE04EC0-301F-11D3-BF4B-00C04F79EFBC}") = "WinForm", "WinForm\WinForm.csproj", "{AFF9F132-202C-4C48-B52F-FD1FF4AD29F9}"
EndProject
Project("{FAE04EC0-301F-11D3-BF4B-00C04F79EFBC}") = "Common", "Common\Common.csproj", "{78EE8491-C19F-40BA-83EF-E969DD0C2791}"
EndProject
Project("{FAE04EC0-301F-11D3-BF4B-00C04F79EFBC}") = "Web2", "Web2\Web2.csproj", "{006E39C0-CEC6-4ADF-9A79-C1637AE1C6EF}"
EndProject
Global
	GlobalSection(SolutionConfigurationPlatforms) = preSolution
		Debug|Any CPU = Debug|Any CPU
		Release|Any CPU = Release|Any CPU
	EndGlobalSection
	GlobalSection(ProjectConfigurationPlatforms) = postSolution
		{AFF9F132-202C-4C48-B52F-FD1FF4AD29F9}.Debug|Any CPU.ActiveCfg = Debug|Any CPU
		{AFF9F132-202C-4C48-B52F-FD1FF4AD29F9}.Debug|Any CPU.Build.0 = Debug|Any CPU
		{AFF9F132-202C-4C48-B52F-FD1FF4AD29F9}.Release|Any CPU.ActiveCfg = Release|Any CPU
		{AFF9F132-202C-4C48-B52F-FD1FF4AD29F9}.Release|Any CPU.Build.0 = Release|Any CPU
		{78EE8491-C19F-40BA-83EF-E969DD0C2791}.Debug|Any CPU.ActiveCfg = Debug|Any CPU
		{78EE8491-C19F-40BA-83EF-E969DD0C2791}.Debug|Any CPU.Build.0 = Debug|Any CPU
		{78EE8491-C19F-40BA-83EF-E969DD0C2791}.Release|Any CPU.ActiveCfg = Release|Any CPU
		{78EE8491-C19F-40BA-83EF-E969DD0C2791}.Release|Any CPU.Build.0 = Release|Any CPU
		{006E39C0-CEC6-4ADF-9A79-C1637AE1C6EF}.Debug|Any CPU.ActiveCfg = Debug|Any CPU
		{006E39C0-CEC6-4ADF-9A79-C1637AE1C6EF}.Debug|Any CPU.Build.0 = Debug|Any CPU
		{006E39C0-CEC6-4ADF-9A79-C1637AE1C6EF}.Release|Any CPU.ActiveCfg = Release|Any CPU
		{006E39C0-CEC6-4ADF-9A79-C1637AE1C6EF}.Release|Any CPU.Build.0 = Release|Any CPU
	EndGlobalSection
	GlobalSection(SolutionProperties) = preSolution
		HideSolutionNode = FALSE
	EndGlobalSection
EndGlobal
